// !$*UTF8*$!
{
	archiveVersion = 1;
	classes = {
	};
	objectVersion = 56;
	objects = {

/* Begin PBXBuildFile section */
		E16DACE62B97196A006C66C9 /* Assets.xcassets in Resources */ = {isa = PBXBuildFile; fileRef = E16DACE52B97196A006C66C9 /* Assets.xcassets */; };
		E16DACE92B97196A006C66C9 /* Preview Assets.xcassets in Resources */ = {isa = PBXBuildFile; fileRef = E16DACE82B97196A006C66C9 /* Preview Assets.xcassets */; };
		E16DACF42B971AD9006C66C9 /* AuthTestAppApp.swift in Sources */ = {isa = PBXBuildFile; fileRef = E16DACF02B971AD9006C66C9 /* AuthTestAppApp.swift */; };
		E16DACF52B971AD9006C66C9 /* HomeView.swift in Sources */ = {isa = PBXBuildFile; fileRef = E16DACF12B971AD9006C66C9 /* HomeView.swift */; };
		E16DACF62B971AD9006C66C9 /* AuthViewModel.swift in Sources */ = {isa = PBXBuildFile; fileRef = E16DACF22B971AD9006C66C9 /* AuthViewModel.swift */; };
		E16DACFE2B971B7F006C66C9 /* AuthView.swift in Sources */ = {isa = PBXBuildFile; fileRef = E16DACFD2B971B7F006C66C9 /* AuthView.swift */; };
		E16DAD012B971BE1006C66C9 /* SafariWebView.swift in Sources */ = {isa = PBXBuildFile; fileRef = E16DAD002B971BE1006C66C9 /* SafariWebView.swift */; };
		E1D552F32B97303F00C26F97 /* Auth in Frameworks */ = {isa = PBXBuildFile; productRef = E1D552F22B97303F00C26F97 /* Auth */; };
		E1D552F52B97303F00C26F97 /* Common in Frameworks */ = {isa = PBXBuildFile; productRef = E1D552F42B97303F00C26F97 /* Common */; };
		E1D552F92B9730F300C26F97 /* tidal-sdk-ios in Resources */ = {isa = PBXBuildFile; fileRef = E1D552F82B9730ED00C26F97 /* tidal-sdk-ios */; };
/* End PBXBuildFile section */

/* Begin PBXFileReference section */
		C6BEFAD52BD957C7001AA492 /* AuthTestApp.app */ = {isa = PBXFileReference; explicitFileType = wrapper.application; includeInIndex = 0; name = AuthTestApp.app; path = "/Users/asendra/Documents/Projects/iOs/tidal-sdk-ios/TestApps/Auth/build/Debug-iphoneos/AuthTestApp.app"; sourceTree = "<absolute>"; };
		E16DACE52B97196A006C66C9 /* Assets.xcassets */ = {isa = PBXFileReference; lastKnownFileType = folder.assetcatalog; path = Assets.xcassets; sourceTree = "<group>"; };
		E16DACE82B97196A006C66C9 /* Preview Assets.xcassets */ = {isa = PBXFileReference; lastKnownFileType = folder.assetcatalog; path = "Preview Assets.xcassets"; sourceTree = "<group>"; };
		E16DACF02B971AD9006C66C9 /* AuthTestAppApp.swift */ = {isa = PBXFileReference; fileEncoding = 4; lastKnownFileType = sourcecode.swift; name = AuthTestAppApp.swift; path = AuthTestApp/AuthTestAppApp.swift; sourceTree = SOURCE_ROOT; };
		E16DACF12B971AD9006C66C9 /* HomeView.swift */ = {isa = PBXFileReference; fileEncoding = 4; lastKnownFileType = sourcecode.swift; name = HomeView.swift; path = AuthTestApp/HomeView.swift; sourceTree = SOURCE_ROOT; };
		E16DACF22B971AD9006C66C9 /* AuthViewModel.swift */ = {isa = PBXFileReference; fileEncoding = 4; lastKnownFileType = sourcecode.swift; name = AuthViewModel.swift; path = AuthTestApp/AuthViewModel.swift; sourceTree = SOURCE_ROOT; };
		E16DACFD2B971B7F006C66C9 /* AuthView.swift */ = {isa = PBXFileReference; lastKnownFileType = sourcecode.swift; path = AuthView.swift; sourceTree = "<group>"; };
		E16DAD002B971BE1006C66C9 /* SafariWebView.swift */ = {isa = PBXFileReference; lastKnownFileType = sourcecode.swift; path = SafariWebView.swift; sourceTree = "<group>"; };
		E1D552F82B9730ED00C26F97 /* tidal-sdk-ios */ = {isa = PBXFileReference; lastKnownFileType = wrapper; name = "tidal-sdk-ios"; path = ../..; sourceTree = "<group>"; };
/* End PBXFileReference section */

/* Begin PBXFrameworksBuildPhase section */
		E16DACDB2B971969006C66C9 /* Frameworks */ = {
			isa = PBXFrameworksBuildPhase;
			buildActionMask = 2147483647;
			files = (
				E1D552F32B97303F00C26F97 /* Auth in Frameworks */,
				E1D552F52B97303F00C26F97 /* Common in Frameworks */,
			);
			runOnlyForDeploymentPostprocessing = 0;
		};
/* End PBXFrameworksBuildPhase section */

/* Begin PBXGroup section */
		E16DACD52B971969006C66C9 = {
			isa = PBXGroup;
			children = (
				E1D552F82B9730ED00C26F97 /* tidal-sdk-ios */,
				E16DACE02B971969006C66C9 /* AuthTestApp */,
			);
			sourceTree = "<group>";
		};
		E16DACE02B971969006C66C9 /* AuthTestApp */ = {
			isa = PBXGroup;
			children = (
				E16DACFF2B971BD3006C66C9 /* Utils */,
				E16DACFD2B971B7F006C66C9 /* AuthView.swift */,
				E16DACF02B971AD9006C66C9 /* AuthTestAppApp.swift */,
				E16DACF22B971AD9006C66C9 /* AuthViewModel.swift */,
				E16DACF12B971AD9006C66C9 /* HomeView.swift */,
				E16DACE52B97196A006C66C9 /* Assets.xcassets */,
				E16DACE72B97196A006C66C9 /* Preview Content */,
			);
			path = AuthTestApp;
			sourceTree = "<group>";
		};
		E16DACE72B97196A006C66C9 /* Preview Content */ = {
			isa = PBXGroup;
			children = (
				E16DACE82B97196A006C66C9 /* Preview Assets.xcassets */,
			);
			path = "Preview Content";
			sourceTree = "<group>";
		};
		E16DACFF2B971BD3006C66C9 /* Utils */ = {
			isa = PBXGroup;
			children = (
				E16DAD002B971BE1006C66C9 /* SafariWebView.swift */,
			);
			path = Utils;
			sourceTree = "<group>";
		};
/* End PBXGroup section */

/* Begin PBXNativeTarget section */
		E16DACDD2B971969006C66C9 /* AuthTestApp */ = {
			isa = PBXNativeTarget;
			buildConfigurationList = E16DACEC2B97196A006C66C9 /* Build configuration list for PBXNativeTarget "AuthTestApp" */;
			buildPhases = (
				E16DACDA2B971969006C66C9 /* Sources */,
				E16DACDB2B971969006C66C9 /* Frameworks */,
				E16DACDC2B971969006C66C9 /* Resources */,
			);
			buildRules = (
			);
			dependencies = (
			);
			name = AuthTestApp;
			packageProductDependencies = (
				E1D552F22B97303F00C26F97 /* Auth */,
				E1D552F42B97303F00C26F97 /* Common */,
			);
			productName = AuthTestApp;
			productReference = C6BEFAD52BD957C7001AA492 /* AuthTestApp.app */;
			productType = "com.apple.product-type.application";
		};
/* End PBXNativeTarget section */

/* Begin PBXProject section */
		E16DACD62B971969006C66C9 /* Project object */ = {
			isa = PBXProject;
			attributes = {
				BuildIndependentTargetsInParallel = 1;
				LastSwiftUpdateCheck = 1520;
				LastUpgradeCheck = 1520;
				TargetAttributes = {
					E16DACDD2B971969006C66C9 = {
						CreatedOnToolsVersion = 15.2;
					};
				};
			};
			buildConfigurationList = E16DACD92B971969006C66C9 /* Build configuration list for PBXProject "AuthTestApp" */;
			compatibilityVersion = "Xcode 14.0";
			developmentRegion = en;
			hasScannedForEncodings = 0;
			knownRegions = (
				en,
				Base,
			);
			mainGroup = E16DACD52B971969006C66C9;
			packageReferences = (
			);
			productRefGroup = E16DACD52B971969006C66C9;
			projectDirPath = "";
			projectRoot = "";
			targets = (
				E16DACDD2B971969006C66C9 /* AuthTestApp */,
			);
		};
/* End PBXProject section */

/* Begin PBXResourcesBuildPhase section */
		E16DACDC2B971969006C66C9 /* Resources */ = {
			isa = PBXResourcesBuildPhase;
			buildActionMask = 2147483647;
			files = (
				E16DACE92B97196A006C66C9 /* Preview Assets.xcassets in Resources */,
				E16DACE62B97196A006C66C9 /* Assets.xcassets in Resources */,
				E1D552F92B9730F300C26F97 /* tidal-sdk-ios in Resources */,
			);
			runOnlyForDeploymentPostprocessing = 0;
		};
/* End PBXResourcesBuildPhase section */

/* Begin PBXSourcesBuildPhase section */
		E16DACDA2B971969006C66C9 /* Sources */ = {
			isa = PBXSourcesBuildPhase;
			buildActionMask = 2147483647;
			files = (
				E16DACF62B971AD9006C66C9 /* AuthViewModel.swift in Sources */,
				E16DAD012B971BE1006C66C9 /* SafariWebView.swift in Sources */,
				E16DACF52B971AD9006C66C9 /* HomeView.swift in Sources */,
				E16DACFE2B971B7F006C66C9 /* AuthView.swift in Sources */,
				E16DACF42B971AD9006C66C9 /* AuthTestAppApp.swift in Sources */,
			);
			runOnlyForDeploymentPostprocessing = 0;
		};
/* End PBXSourcesBuildPhase section */

/* Begin XCBuildConfiguration section */
		E16DACEA2B97196A006C66C9 /* Debug */ = {
			isa = XCBuildConfiguration;
			buildSettings = {
				ALWAYS_SEARCH_USER_PATHS = NO;
				ASSETCATALOG_COMPILER_GENERATE_SWIFT_ASSET_SYMBOL_EXTENSIONS = YES;
				CLANG_ANALYZER_NONNULL = YES;
				CLANG_ANALYZER_NUMBER_OBJECT_CONVERSION = YES_AGGRESSIVE;
				CLANG_CXX_LANGUAGE_STANDARD = "gnu++20";
				CLANG_ENABLE_MODULES = YES;
				CLANG_ENABLE_OBJC_ARC = YES;
				CLANG_ENABLE_OBJC_WEAK = YES;
				CLANG_WARN_BLOCK_CAPTURE_AUTORELEASING = YES;
				CLANG_WARN_BOOL_CONVERSION = YES;
				CLANG_WARN_COMMA = YES;
				CLANG_WARN_CONSTANT_CONVERSION = YES;
				CLANG_WARN_DEPRECATED_OBJC_IMPLEMENTATIONS = YES;
				CLANG_WARN_DIRECT_OBJC_ISA_USAGE = YES_ERROR;
				CLANG_WARN_DOCUMENTATION_COMMENTS = YES;
				CLANG_WARN_EMPTY_BODY = YES;
				CLANG_WARN_ENUM_CONVERSION = YES;
				CLANG_WARN_INFINITE_RECURSION = YES;
				CLANG_WARN_INT_CONVERSION = YES;
				CLANG_WARN_NON_LITERAL_NULL_CONVERSION = YES;
				CLANG_WARN_OBJC_IMPLICIT_RETAIN_SELF = YES;
				CLANG_WARN_OBJC_LITERAL_CONVERSION = YES;
				CLANG_WARN_OBJC_ROOT_CLASS = YES_ERROR;
				CLANG_WARN_QUOTED_INCLUDE_IN_FRAMEWORK_HEADER = YES;
				CLANG_WARN_RANGE_LOOP_ANALYSIS = YES;
				CLANG_WARN_STRICT_PROTOTYPES = YES;
				CLANG_WARN_SUSPICIOUS_MOVE = YES;
				CLANG_WARN_UNGUARDED_AVAILABILITY = YES_AGGRESSIVE;
				CLANG_WARN_UNREACHABLE_CODE = YES;
				CLANG_WARN__DUPLICATE_METHOD_MATCH = YES;
				COPY_PHASE_STRIP = NO;
				DEBUG_INFORMATION_FORMAT = dwarf;
				ENABLE_STRICT_OBJC_MSGSEND = YES;
				ENABLE_TESTABILITY = YES;
				ENABLE_USER_SCRIPT_SANDBOXING = YES;
				GCC_C_LANGUAGE_STANDARD = gnu17;
				GCC_DYNAMIC_NO_PIC = NO;
				GCC_NO_COMMON_BLOCKS = YES;
				GCC_OPTIMIZATION_LEVEL = 0;
				GCC_PREPROCESSOR_DEFINITIONS = (
					"DEBUG=1",
					"$(inherited)",
				);
				GCC_WARN_64_TO_32_BIT_CONVERSION = YES;
				GCC_WARN_ABOUT_RETURN_TYPE = YES_ERROR;
				GCC_WARN_UNDECLARED_SELECTOR = YES;
				GCC_WARN_UNINITIALIZED_AUTOS = YES_AGGRESSIVE;
				GCC_WARN_UNUSED_FUNCTION = YES;
				GCC_WARN_UNUSED_VARIABLE = YES;
				IPHONEOS_DEPLOYMENT_TARGET = 17.2;
				LOCALIZATION_PREFERS_STRING_CATALOGS = YES;
				MTL_ENABLE_DEBUG_INFO = INCLUDE_SOURCE;
				MTL_FAST_MATH = YES;
				ONLY_ACTIVE_ARCH = YES;
				SDKROOT = iphoneos;
				SWIFT_ACTIVE_COMPILATION_CONDITIONS = "DEBUG $(inherited)";
				SWIFT_OPTIMIZATION_LEVEL = "-Onone";
			};
			name = Debug;
		};
		E16DACEB2B97196A006C66C9 /* Release */ = {
			isa = XCBuildConfiguration;
			buildSettings = {
				ALWAYS_SEARCH_USER_PATHS = NO;
				ASSETCATALOG_COMPILER_GENERATE_SWIFT_ASSET_SYMBOL_EXTENSIONS = YES;
				CLANG_ANALYZER_NONNULL = YES;
				CLANG_ANALYZER_NUMBER_OBJECT_CONVERSION = YES_AGGRESSIVE;
				CLANG_CXX_LANGUAGE_STANDARD = "gnu++20";
				CLANG_ENABLE_MODULES = YES;
				CLANG_ENABLE_OBJC_ARC = YES;
				CLANG_ENABLE_OBJC_WEAK = YES;
				CLANG_WARN_BLOCK_CAPTURE_AUTORELEASING = YES;
				CLANG_WARN_BOOL_CONVERSION = YES;
				CLANG_WARN_COMMA = YES;
				CLANG_WARN_CONSTANT_CONVERSION = YES;
				CLANG_WARN_DEPRECATED_OBJC_IMPLEMENTATIONS = YES;
				CLANG_WARN_DIRECT_OBJC_ISA_USAGE = YES_ERROR;
				CLANG_WARN_DOCUMENTATION_COMMENTS = YES;
				CLANG_WARN_EMPTY_BODY = YES;
				CLANG_WARN_ENUM_CONVERSION = YES;
				CLANG_WARN_INFINITE_RECURSION = YES;
				CLANG_WARN_INT_CONVERSION = YES;
				CLANG_WARN_NON_LITERAL_NULL_CONVERSION = YES;
				CLANG_WARN_OBJC_IMPLICIT_RETAIN_SELF = YES;
				CLANG_WARN_OBJC_LITERAL_CONVERSION = YES;
				CLANG_WARN_OBJC_ROOT_CLASS = YES_ERROR;
				CLANG_WARN_QUOTED_INCLUDE_IN_FRAMEWORK_HEADER = YES;
				CLANG_WARN_RANGE_LOOP_ANALYSIS = YES;
				CLANG_WARN_STRICT_PROTOTYPES = YES;
				CLANG_WARN_SUSPICIOUS_MOVE = YES;
				CLANG_WARN_UNGUARDED_AVAILABILITY = YES_AGGRESSIVE;
				CLANG_WARN_UNREACHABLE_CODE = YES;
				CLANG_WARN__DUPLICATE_METHOD_MATCH = YES;
				COPY_PHASE_STRIP = NO;
				DEBUG_INFORMATION_FORMAT = "dwarf-with-dsym";
				ENABLE_NS_ASSERTIONS = NO;
				ENABLE_STRICT_OBJC_MSGSEND = YES;
				ENABLE_USER_SCRIPT_SANDBOXING = YES;
				GCC_C_LANGUAGE_STANDARD = gnu17;
				GCC_NO_COMMON_BLOCKS = YES;
				GCC_WARN_64_TO_32_BIT_CONVERSION = YES;
				GCC_WARN_ABOUT_RETURN_TYPE = YES_ERROR;
				GCC_WARN_UNDECLARED_SELECTOR = YES;
				GCC_WARN_UNINITIALIZED_AUTOS = YES_AGGRESSIVE;
				GCC_WARN_UNUSED_FUNCTION = YES;
				GCC_WARN_UNUSED_VARIABLE = YES;
				IPHONEOS_DEPLOYMENT_TARGET = 17.2;
				LOCALIZATION_PREFERS_STRING_CATALOGS = YES;
				MTL_ENABLE_DEBUG_INFO = NO;
				MTL_FAST_MATH = YES;
				SDKROOT = iphoneos;
				SWIFT_COMPILATION_MODE = wholemodule;
				VALIDATE_PRODUCT = YES;
			};
			name = Release;
		};
		E16DACED2B97196A006C66C9 /* Debug */ = {
			isa = XCBuildConfiguration;
			buildSettings = {
				ASSETCATALOG_COMPILER_APPICON_NAME = AppIcon;
				ASSETCATALOG_COMPILER_GLOBAL_ACCENT_COLOR_NAME = AccentColor;
				CODE_SIGN_STYLE = Manual;
				CURRENT_PROJECT_VERSION = 1;
				DEVELOPMENT_ASSET_PATHS = "\"AuthTestApp/Preview Content\"";
				DEVELOPMENT_TEAM = "";
				ENABLE_PREVIEWS = YES;
				GENERATE_INFOPLIST_FILE = YES;
				INFOPLIST_KEY_UIApplicationSceneManifest_Generation = YES;
				INFOPLIST_KEY_UIApplicationSupportsIndirectInputEvents = YES;
				INFOPLIST_KEY_UILaunchScreen_Generation = YES;
				INFOPLIST_KEY_UISupportedInterfaceOrientations_iPad = "UIInterfaceOrientationPortrait UIInterfaceOrientationPortraitUpsideDown UIInterfaceOrientationLandscapeLeft UIInterfaceOrientationLandscapeRight";
				INFOPLIST_KEY_UISupportedInterfaceOrientations_iPhone = "UIInterfaceOrientationPortrait UIInterfaceOrientationLandscapeLeft UIInterfaceOrientationLandscapeRight";
				LD_RUNPATH_SEARCH_PATHS = (
					"$(inherited)",
					"@executable_path/Frameworks",
				);
				MARKETING_VERSION = 1.0;
				PRODUCT_BUNDLE_IDENTIFIER = com.tidal.AuthTestApp;
				PRODUCT_NAME = "$(TARGET_NAME)";
				PROVISIONING_PROFILE_SPECIFIER = "";
				SWIFT_EMIT_LOC_STRINGS = YES;
				SWIFT_VERSION = 5.0;
				TARGETED_DEVICE_FAMILY = "1,2";
			};
			name = Debug;
		};
		E16DACEE2B97196A006C66C9 /* Release */ = {
			isa = XCBuildConfiguration;
			buildSettings = {
				ASSETCATALOG_COMPILER_APPICON_NAME = AppIcon;
				ASSETCATALOG_COMPILER_GLOBAL_ACCENT_COLOR_NAME = AccentColor;
				CODE_SIGN_STYLE = Manual;
				CURRENT_PROJECT_VERSION = 1;
				DEVELOPMENT_ASSET_PATHS = "\"AuthTestApp/Preview Content\"";
				DEVELOPMENT_TEAM = "";
				ENABLE_PREVIEWS = YES;
				GENERATE_INFOPLIST_FILE = YES;
				INFOPLIST_KEY_UIApplicationSceneManifest_Generation = YES;
				INFOPLIST_KEY_UIApplicationSupportsIndirectInputEvents = YES;
				INFOPLIST_KEY_UILaunchScreen_Generation = YES;
				INFOPLIST_KEY_UISupportedInterfaceOrientations_iPad = "UIInterfaceOrientationPortrait UIInterfaceOrientationPortraitUpsideDown UIInterfaceOrientationLandscapeLeft UIInterfaceOrientationLandscapeRight";
				INFOPLIST_KEY_UISupportedInterfaceOrientations_iPhone = "UIInterfaceOrientationPortrait UIInterfaceOrientationLandscapeLeft UIInterfaceOrientationLandscapeRight";
				LD_RUNPATH_SEARCH_PATHS = (
					"$(inherited)",
					"@executable_path/Frameworks",
				);
				MARKETING_VERSION = 1.0;
				PRODUCT_BUNDLE_IDENTIFIER = com.tidal.AuthTestApp;
				PRODUCT_NAME = "$(TARGET_NAME)";
				PROVISIONING_PROFILE_SPECIFIER = "";
				SWIFT_EMIT_LOC_STRINGS = YES;
				SWIFT_VERSION = 5.0;
				TARGETED_DEVICE_FAMILY = "1,2";
			};
			name = Release;
		};
/* End XCBuildConfiguration section */

/* Begin XCConfigurationList section */
		E16DACD92B971969006C66C9 /* Build configuration list for PBXProject "AuthTestApp" */ = {
			isa = XCConfigurationList;
			buildConfigurations = (
				E16DACEA2B97196A006C66C9 /* Debug */,
				E16DACEB2B97196A006C66C9 /* Release */,
			);
			defaultConfigurationIsVisible = 0;
			defaultConfigurationName = Release;
		};
		E16DACEC2B97196A006C66C9 /* Build configuration list for PBXNativeTarget "AuthTestApp" */ = {
			isa = XCConfigurationList;
			buildConfigurations = (
				E16DACED2B97196A006C66C9 /* Debug */,
				E16DACEE2B97196A006C66C9 /* Release */,
			);
			defaultConfigurationIsVisible = 0;
			defaultConfigurationName = Release;
		};
/* End XCConfigurationList section */

/* Begin XCSwiftPackageProductDependency section */
		E1D552F22B97303F00C26F97 /* Auth */ = {
			isa = XCSwiftPackageProductDependency;
			productName = Auth;
		};
		E1D552F42B97303F00C26F97 /* Common */ = {
			isa = XCSwiftPackageProductDependency;
			productName = Common;
		};
/* End XCSwiftPackageProductDependency section */
	};
	rootObject = E16DACD62B971969006C66C9 /* Project object */;
}
